PODS:
  - ExtensibleEnumeratedName (1.0.1)
  - WolfColor (1.0):
    - ExtensibleEnumeratedName
    - WolfNumerics
    - WolfPipe
    - WolfStrings
  - WolfNumerics (1.0.1)
  - WolfPipe (1.0.1)
  - WolfStrings (1.0):
    - ExtensibleEnumeratedName
    - WolfNumerics
    - WolfPipe

DEPENDENCIES:
  - WolfColor (from `../`)

SPEC REPOS:
  https://github.com/cocoapods/specs.git:
    - ExtensibleEnumeratedName
    - WolfNumerics
    - WolfPipe
    - WolfStrings

EXTERNAL SOURCES:
  WolfColor:
    :path: "../"

SPEC CHECKSUMS:
  ExtensibleEnumeratedName: 70c35288c7e34eff64b4b1da8b0c6e993013738b
  WolfColor: 430bc481c80f3af366a91a65f055127019ffee74
  WolfNumerics: 47d911caaf5350fc838b638ca47a5427b676d275
  WolfPipe: 7ddf803ae6bc9d42d34120bcce43d25940e3c791
  WolfStrings: 79d69055dbb3c2adad163e6a8840245212cf4e85

PODFILE CHECKSUM: b413a4b33afeeb1854d5967f4ccf19d2d2733a03

COCOAPODS: 1.6.0.beta.1
