PODS:
  - WolfColor (1.0.6):
    - WolfFoundation
    - WolfNumerics
    - WolfOSBridge
    - WolfPipe
  - WolfFoundation (2.1.0):
    - WolfNumerics
    - WolfPipe
  - WolfNumerics (3.0.0)
  - WolfOSBridge (1.1.0)
  - WolfPipe (1.1.0)

DEPENDENCIES:
  - WolfColor (from `../`)

SPEC REPOS:
  https://github.com/cocoapods/specs.git:
    - WolfFoundation
    - WolfNumerics
    - WolfOSBridge
    - WolfPipe

EXTERNAL SOURCES:
  WolfColor:
    :path: "../"

SPEC CHECKSUMS:
  WolfColor: 4f4db43a785931cd93885292837bbb3febc77a2a
  WolfFoundation: e3738fadbd87d3867c9a3894eed514576f7c6896
  WolfNumerics: 073642f01957a5602df21531e8b2fd31e8b92042
  WolfOSBridge: b44c359c659d4ac704602f3f18336ffedfbb5d6a
  WolfPipe: 5d5633fb37d8a524e326ad9cf24420f0971c8235

PODFILE CHECKSUM: b413a4b33afeeb1854d5967f4ccf19d2d2733a03

COCOAPODS: 1.6.0.beta.2
